
Microsoft Visual Studio Solution File, Format Version 11.00
# Visual Studio 2010
Project("{FAE04EC0-301F-11D3-BF4B-00C04F79EFBC}") = "DataAccess", "DataAccess\DataAccess.csproj", "{0BD1299C-6AE3-407C-844D-F69B90037846}"
EndProject
Project("{2150E333-8FDC-42A3-9474-1A3956D46DE8}") = "Documents", "Documents", "{3FEA62E2-7223-4577-809D-D5561B6299C8}"
	ProjectSection(SolutionItems) = preProject
		License.txt = License.txt
		Notice.txt = Notice.txt
		Documents\wikipage_home.htm = Documents\wikipage_home.htm
	EndProjectSection
EndProject
Project("{2150E333-8FDC-42A3-9474-1A3956D46DE8}") = "UtilityScripts", "UtilityScripts", "{6678001D-3677-4C0C-963B-9B04AE215E8B}"
EndProject
Project("{2150E333-8FDC-42A3-9474-1A3956D46DE8}") = "Oracle", "Oracle", "{F2F76E08-6590-4F62-A2D3-A72F3A80A780}"
	ProjectSection(SolutionItems) = preProject
		UtilityScripts\Oracle\UTL_CS-Example.tst = UtilityScripts\Oracle\UTL_CS-Example.tst
		UtilityScripts\Oracle\UTL_CS.pck = UtilityScripts\Oracle\UTL_CS.pck
	EndProjectSection
EndProject
Project("{2150E333-8FDC-42A3-9474-1A3956D46DE8}") = ".nuget", ".nuget", "{3C05CBB9-43F8-49D8-B416-8FA49AB41F6D}"
	ProjectSection(SolutionItems) = preProject
		.nuget\NuGet.Config = .nuget\NuGet.Config
		.nuget\NuGet.exe = .nuget\NuGet.exe
		.nuget\NuGet.targets = .nuget\NuGet.targets
		.nuget\Pack-Oracle-DataDirect.bat = .nuget\Pack-Oracle-DataDirect.bat
		.nuget\Pack-Oracle-ODP.NET.bat = .nuget\Pack-Oracle-ODP.NET.bat
		.nuget\Pack-Oracle-ODP.NET.Managed.bat = .nuget\Pack-Oracle-ODP.NET.Managed.bat
		.nuget\Pack-SqlServer.bat = .nuget\Pack-SqlServer.bat
	EndProjectSection
EndProject
Project("{2150E333-8FDC-42A3-9474-1A3956D46DE8}") = "Oracle", "Oracle", "{5A312832-F3CA-4601-82EF-077D1F13677C}"
EndProject
Project("{2150E333-8FDC-42A3-9474-1A3956D46DE8}") = "SqlServer", "SqlServer", "{AEAB4836-1B52-4B7B-830F-53FE398428E5}"
	ProjectSection(SolutionItems) = preProject
		.nuget\SqlServer\DataAccess.nuspec = .nuget\SqlServer\DataAccess.nuspec
		.nuget\SqlServer\Readme.txt = .nuget\SqlServer\Readme.txt
		.nuget\SqlServer\web.config.transform = .nuget\SqlServer\web.config.transform
	EndProjectSection
EndProject
Project("{2150E333-8FDC-42A3-9474-1A3956D46DE8}") = "DataAccess", "DataAccess", "{1867E8F5-1680-444E-BDBE-DD8B15DF55D1}"
	ProjectSection(SolutionItems) = preProject
		.nuget\SqlServer\DataAccess\ConfigHelper.sample.cs.pp = .nuget\SqlServer\DataAccess\ConfigHelper.sample.cs.pp
		.nuget\SqlServer\DataAccess\DbPackage.sample.cs.pp = .nuget\SqlServer\DataAccess\DbPackage.sample.cs.pp
		.nuget\SqlServer\DataAccess\MyBizMain.sample.cs.pp = .nuget\SqlServer\DataAccess\MyBizMain.sample.cs.pp
	EndProjectSection
EndProject
Project("{2150E333-8FDC-42A3-9474-1A3956D46DE8}") = "DataDirect", "DataDirect", "{693C7829-9CD1-470E-9307-08429026527E}"
	ProjectSection(SolutionItems) = preProject
		.nuget\Oracle\DataDirect\DataAccess.nuspec = .nuget\Oracle\DataDirect\DataAccess.nuspec
		.nuget\Oracle\DataDirect\Readme.txt = .nuget\Oracle\DataDirect\Readme.txt
		.nuget\Oracle\DataDirect\web.config.transform = .nuget\Oracle\DataDirect\web.config.transform
	EndProjectSection
EndProject
Project("{2150E333-8FDC-42A3-9474-1A3956D46DE8}") = "ODP.NET", "ODP.NET", "{28EF1E07-C762-4EB2-B813-6E7B63AE1E35}"
	ProjectSection(SolutionItems) = preProject
		.nuget\Oracle\ODP.NET\DataAccess.nuspec = .nuget\Oracle\ODP.NET\DataAccess.nuspec
		.nuget\Oracle\ODP.NET\Readme.txt = .nuget\Oracle\ODP.NET\Readme.txt
		.nuget\Oracle\ODP.NET\web.config.transform = .nuget\Oracle\ODP.NET\web.config.transform
	EndProjectSection
EndProject
Project("{2150E333-8FDC-42A3-9474-1A3956D46DE8}") = "DataAccess", "DataAccess", "{45834C0B-06B9-492F-BDDE-FF2B36FB0755}"
	ProjectSection(SolutionItems) = preProject
		.nuget\Oracle\ODP.NET\DataAccess\ConfigHelper.sample.cs.pp = .nuget\Oracle\ODP.NET\DataAccess\ConfigHelper.sample.cs.pp
		.nuget\Oracle\ODP.NET\DataAccess\DbPackage.sample.cs.pp = .nuget\Oracle\ODP.NET\DataAccess\DbPackage.sample.cs.pp
		.nuget\Oracle\ODP.NET\DataAccess\MyBizMain.sample.cs.pp = .nuget\Oracle\ODP.NET\DataAccess\MyBizMain.sample.cs.pp
	EndProjectSection
EndProject
Project("{2150E333-8FDC-42A3-9474-1A3956D46DE8}") = "DataAccess", "DataAccess", "{55D98943-8A77-4C34-968D-4CAC28E5C16C}"
	ProjectSection(SolutionItems) = preProject
		.nuget\Oracle\DataDirect\DataAccess\ConfigHelper.sample.cs.pp = .nuget\Oracle\DataDirect\DataAccess\ConfigHelper.sample.cs.pp
		.nuget\Oracle\DataDirect\DataAccess\DbPackage.sample.cs.pp = .nuget\Oracle\DataDirect\DataAccess\DbPackage.sample.cs.pp
		.nuget\Oracle\DataDirect\DataAccess\MyBizMain.sample.cs.pp = .nuget\Oracle\DataDirect\DataAccess\MyBizMain.sample.cs.pp
	EndProjectSection
EndProject
Project("{2150E333-8FDC-42A3-9474-1A3956D46DE8}") = "nupkg", "nupkg", "{5F61870C-3F0B-4528-BC3D-A78730782235}"
	ProjectSection(SolutionItems) = preProject
		.nuget\nupkg\NuGet Command-Line.htm = .nuget\nupkg\NuGet Command-Line.htm
	EndProjectSection
EndProject
Project("{2150E333-8FDC-42A3-9474-1A3956D46DE8}") = "ODP.NET.Managed", "ODP.NET.Managed", "{90AEFF64-7137-47EB-8505-747A053FD4E4}"
	ProjectSection(SolutionItems) = preProject
		.nuget\Oracle\ODP.NET.Managed\DataAccess.nuspec = .nuget\Oracle\ODP.NET.Managed\DataAccess.nuspec
		.nuget\Oracle\ODP.NET.Managed\Readme.txt = .nuget\Oracle\ODP.NET.Managed\Readme.txt
		.nuget\Oracle\ODP.NET.Managed\web.config.transform = .nuget\Oracle\ODP.NET.Managed\web.config.transform
	EndProjectSection
EndProject
Project("{2150E333-8FDC-42A3-9474-1A3956D46DE8}") = "DataAccess", "DataAccess", "{F2A6200A-FC30-40F8-B3FB-4528FD0EAB84}"
	ProjectSection(SolutionItems) = preProject
		.nuget\Oracle\ODP.NET.Managed\DataAccess\ConfigHelper.sample.cs.pp = .nuget\Oracle\ODP.NET.Managed\DataAccess\ConfigHelper.sample.cs.pp
		.nuget\Oracle\ODP.NET.Managed\DataAccess\DbPackage.sample.cs.pp = .nuget\Oracle\ODP.NET.Managed\DataAccess\DbPackage.sample.cs.pp
		.nuget\Oracle\ODP.NET.Managed\DataAccess\MyBizMain.sample.cs.pp = .nuget\Oracle\ODP.NET.Managed\DataAccess\MyBizMain.sample.cs.pp
	EndProjectSection
EndProject
Global
	GlobalSection(TeamFoundationVersionControl) = preSolution
		SccNumberOfProjects = 2
		SccEnterpriseProvider = {4CA58AB2-18FA-4F8D-95D4-32DDF27D184C}
		SccTeamFoundationServer = https://tfs.codeplex.com/tfs/tfs23
		SccLocalPath0 = .
		SccProjectUniqueName1 = DataAccess\\DataAccess.csproj
		SccProjectName1 = DataAccess
		SccLocalPath1 = DataAccess
	EndGlobalSection
	GlobalSection(SolutionConfigurationPlatforms) = preSolution
		Debug|Any CPU = Debug|Any CPU
		Release|Any CPU = Release|Any CPU
	EndGlobalSection
	GlobalSection(ProjectConfigurationPlatforms) = postSolution
		{0BD1299C-6AE3-407C-844D-F69B90037846}.Debug|Any CPU.ActiveCfg = Debug|Any CPU
		{0BD1299C-6AE3-407C-844D-F69B90037846}.Debug|Any CPU.Build.0 = Debug|Any CPU
		{0BD1299C-6AE3-407C-844D-F69B90037846}.Release|Any CPU.ActiveCfg = Release|Any CPU
		{0BD1299C-6AE3-407C-844D-F69B90037846}.Release|Any CPU.Build.0 = Release|Any CPU
	EndGlobalSection
	GlobalSection(SolutionProperties) = preSolution
		HideSolutionNode = FALSE
	EndGlobalSection
	GlobalSection(NestedProjects) = preSolution
		{F2F76E08-6590-4F62-A2D3-A72F3A80A780} = {6678001D-3677-4C0C-963B-9B04AE215E8B}
		{5A312832-F3CA-4601-82EF-077D1F13677C} = {3C05CBB9-43F8-49D8-B416-8FA49AB41F6D}
		{AEAB4836-1B52-4B7B-830F-53FE398428E5} = {3C05CBB9-43F8-49D8-B416-8FA49AB41F6D}
		{5F61870C-3F0B-4528-BC3D-A78730782235} = {3C05CBB9-43F8-49D8-B416-8FA49AB41F6D}
		{693C7829-9CD1-470E-9307-08429026527E} = {5A312832-F3CA-4601-82EF-077D1F13677C}
		{28EF1E07-C762-4EB2-B813-6E7B63AE1E35} = {5A312832-F3CA-4601-82EF-077D1F13677C}
		{90AEFF64-7137-47EB-8505-747A053FD4E4} = {5A312832-F3CA-4601-82EF-077D1F13677C}
		{1867E8F5-1680-444E-BDBE-DD8B15DF55D1} = {AEAB4836-1B52-4B7B-830F-53FE398428E5}
		{55D98943-8A77-4C34-968D-4CAC28E5C16C} = {693C7829-9CD1-470E-9307-08429026527E}
		{45834C0B-06B9-492F-BDDE-FF2B36FB0755} = {28EF1E07-C762-4EB2-B813-6E7B63AE1E35}
		{F2A6200A-FC30-40F8-B3FB-4528FD0EAB84} = {90AEFF64-7137-47EB-8505-747A053FD4E4}
	EndGlobalSection
EndGlobal
