
Microsoft Visual Studio Solution File, Format Version 11.00
# Visual Studio 2010
Project("{FAE04EC0-301F-11D3-BF4B-00C04F79EFBC}") = "DataAccess", "DataAccess\DataAccess.csproj", "{0BD1299C-6AE3-407C-844D-F69B90037846}"
EndProject
Project("{2150E333-8FDC-42A3-9474-1A3956D46DE8}") = "Documents", "Documents", "{3FEA62E2-7223-4577-809D-D5561B6299C8}"
	ProjectSection(SolutionItems) = preProject
		License.txt = License.txt
		Notice.txt = Notice.txt
		Documents\wikipage_home.htm = Documents\wikipage_home.htm
	EndProjectSection
EndProject
Project("{2150E333-8FDC-42A3-9474-1A3956D46DE8}") = "UtilityScripts", "UtilityScripts", "{6678001D-3677-4C0C-963B-9B04AE215E8B}"
EndProject
Project("{2150E333-8FDC-42A3-9474-1A3956D46DE8}") = "Oracle", "Oracle", "{F2F76E08-6590-4F62-A2D3-A72F3A80A780}"
	ProjectSection(SolutionItems) = preProject
		UtilityScripts\Oracle\UTL_CS-Example.tst = UtilityScripts\Oracle\UTL_CS-Example.tst
		UtilityScripts\Oracle\UTL_CS.pck = UtilityScripts\Oracle\UTL_CS.pck
	EndProjectSection
EndProject
Project("{2150E333-8FDC-42A3-9474-1A3956D46DE8}") = "NuGet", "NuGet", "{AD2D90F7-A0E0-49B1-ADF5-0136A606A591}"
	ProjectSection(SolutionItems) = preProject
		NuGet\Download NuGet Command-Line.htm = NuGet\Download NuGet Command-Line.htm
		NuGet\Pack-Oracle-DataDirect.bat = NuGet\Pack-Oracle-DataDirect.bat
		NuGet\Pack-Oracle-ODP.NET.bat = NuGet\Pack-Oracle-ODP.NET.bat
		NuGet\Pack-SqlServer.bat = NuGet\Pack-SqlServer.bat
	EndProjectSection
EndProject
Project("{2150E333-8FDC-42A3-9474-1A3956D46DE8}") = "SqlServer", "SqlServer", "{D9B66967-C5C5-4672-BB5B-9DDBFC8680B9}"
	ProjectSection(SolutionItems) = preProject
		NuGet\SqlServer\DataAccess.nuspec = NuGet\SqlServer\DataAccess.nuspec
		NuGet\SqlServer\Readme.txt = NuGet\SqlServer\Readme.txt
		NuGet\SqlServer\web.config.transform = NuGet\SqlServer\web.config.transform
	EndProjectSection
EndProject
Project("{2150E333-8FDC-42A3-9474-1A3956D46DE8}") = "Oracle", "Oracle", "{E493C41C-F2CE-4549-926F-302AAD70C309}"
EndProject
Project("{2150E333-8FDC-42A3-9474-1A3956D46DE8}") = "ODP.NET", "ODP.NET", "{48614A38-33AB-4FFA-9403-836184E2BB50}"
	ProjectSection(SolutionItems) = preProject
		NuGet\Oracle\ODP.NET\DataAccess.nuspec = NuGet\Oracle\ODP.NET\DataAccess.nuspec
		NuGet\Oracle\ODP.NET\Readme.txt = NuGet\Oracle\ODP.NET\Readme.txt
		NuGet\Oracle\ODP.NET\web.config.transform = NuGet\Oracle\ODP.NET\web.config.transform
	EndProjectSection
EndProject
Project("{2150E333-8FDC-42A3-9474-1A3956D46DE8}") = "DataDirect", "DataDirect", "{DAC86E88-8B89-4FAC-8B5E-A292E6791F15}"
	ProjectSection(SolutionItems) = preProject
		NuGet\Oracle\DataDirect\DataAccess.nuspec = NuGet\Oracle\DataDirect\DataAccess.nuspec
		NuGet\Oracle\DataDirect\Readme.txt = NuGet\Oracle\DataDirect\Readme.txt
		NuGet\Oracle\DataDirect\web.config.transform = NuGet\Oracle\DataDirect\web.config.transform
	EndProjectSection
EndProject
Project("{2150E333-8FDC-42A3-9474-1A3956D46DE8}") = "DataAccess", "DataAccess", "{5761EAB7-BBB5-48E3-80C7-5CF0AB424479}"
	ProjectSection(SolutionItems) = preProject
		NuGet\Oracle\DataDirect\DataAccess\ConfigHelper.sample.cs.pp = NuGet\Oracle\DataDirect\DataAccess\ConfigHelper.sample.cs.pp
		NuGet\Oracle\DataDirect\DataAccess\DbPackage.sample.cs.pp = NuGet\Oracle\DataDirect\DataAccess\DbPackage.sample.cs.pp
		NuGet\Oracle\DataDirect\DataAccess\MyBizMain.sample.cs.pp = NuGet\Oracle\DataDirect\DataAccess\MyBizMain.sample.cs.pp
	EndProjectSection
EndProject
Project("{2150E333-8FDC-42A3-9474-1A3956D46DE8}") = "DataAccess", "DataAccess", "{EFFD5514-7954-4202-8B76-6C51734B3C48}"
	ProjectSection(SolutionItems) = preProject
		NuGet\Oracle\ODP.NET\DataAccess\ConfigHelper.sample.cs.pp = NuGet\Oracle\ODP.NET\DataAccess\ConfigHelper.sample.cs.pp
		NuGet\Oracle\ODP.NET\DataAccess\DbPackage.sample.cs.pp = NuGet\Oracle\ODP.NET\DataAccess\DbPackage.sample.cs.pp
		NuGet\Oracle\ODP.NET\DataAccess\MyBizMain.sample.cs.pp = NuGet\Oracle\ODP.NET\DataAccess\MyBizMain.sample.cs.pp
	EndProjectSection
EndProject
Project("{2150E333-8FDC-42A3-9474-1A3956D46DE8}") = "DataAccess", "DataAccess", "{D0C1EFCD-C5FB-4BA9-8C92-A8EB5475726A}"
	ProjectSection(SolutionItems) = preProject
		NuGet\SqlServer\DataAccess\ConfigHelper.sample.cs.pp = NuGet\SqlServer\DataAccess\ConfigHelper.sample.cs.pp
		NuGet\SqlServer\DataAccess\DbPackage.sample.cs.pp = NuGet\SqlServer\DataAccess\DbPackage.sample.cs.pp
		NuGet\SqlServer\DataAccess\MyBizMain.sample.cs.pp = NuGet\SqlServer\DataAccess\MyBizMain.sample.cs.pp
	EndProjectSection
EndProject
Global
	GlobalSection(TeamFoundationVersionControl) = preSolution
		SccNumberOfProjects = 2
		SccEnterpriseProvider = {4CA58AB2-18FA-4F8D-95D4-32DDF27D184C}
		SccTeamFoundationServer = https://tfs.codeplex.com/tfs/tfs23
		SccLocalPath0 = .
		SccProjectUniqueName1 = DataAccess\\DataAccess.csproj
		SccProjectName1 = DataAccess
		SccLocalPath1 = DataAccess
	EndGlobalSection
	GlobalSection(SolutionConfigurationPlatforms) = preSolution
		Debug|Any CPU = Debug|Any CPU
		Release|Any CPU = Release|Any CPU
	EndGlobalSection
	GlobalSection(ProjectConfigurationPlatforms) = postSolution
		{0BD1299C-6AE3-407C-844D-F69B90037846}.Debug|Any CPU.ActiveCfg = Debug|Any CPU
		{0BD1299C-6AE3-407C-844D-F69B90037846}.Debug|Any CPU.Build.0 = Debug|Any CPU
		{0BD1299C-6AE3-407C-844D-F69B90037846}.Release|Any CPU.ActiveCfg = Release|Any CPU
		{0BD1299C-6AE3-407C-844D-F69B90037846}.Release|Any CPU.Build.0 = Release|Any CPU
	EndGlobalSection
	GlobalSection(SolutionProperties) = preSolution
		HideSolutionNode = FALSE
	EndGlobalSection
	GlobalSection(NestedProjects) = preSolution
		{F2F76E08-6590-4F62-A2D3-A72F3A80A780} = {6678001D-3677-4C0C-963B-9B04AE215E8B}
		{D9B66967-C5C5-4672-BB5B-9DDBFC8680B9} = {AD2D90F7-A0E0-49B1-ADF5-0136A606A591}
		{E493C41C-F2CE-4549-926F-302AAD70C309} = {AD2D90F7-A0E0-49B1-ADF5-0136A606A591}
		{D0C1EFCD-C5FB-4BA9-8C92-A8EB5475726A} = {D9B66967-C5C5-4672-BB5B-9DDBFC8680B9}
		{48614A38-33AB-4FFA-9403-836184E2BB50} = {E493C41C-F2CE-4549-926F-302AAD70C309}
		{DAC86E88-8B89-4FAC-8B5E-A292E6791F15} = {E493C41C-F2CE-4549-926F-302AAD70C309}
		{EFFD5514-7954-4202-8B76-6C51734B3C48} = {48614A38-33AB-4FFA-9403-836184E2BB50}
		{5761EAB7-BBB5-48E3-80C7-5CF0AB424479} = {DAC86E88-8B89-4FAC-8B5E-A292E6791F15}
	EndGlobalSection
EndGlobal
